
Microsoft Visual Studio Solution File, Format Version 12.00
# Visual Studio Version 17
VisualStudioVersion = 17.7.34009.444
MinimumVisualStudioVersion = 10.0.40219.1
Project("{9A19103F-16F7-4668-BE54-9A1E7A4F7556}") = "test_doc_size", "test_doc_size\test_doc_size.csproj", "{093CC5AF-76AD-48D3-85D9-3D4C89715205}"
EndProject
Project("{9A19103F-16F7-4668-BE54-9A1E7A4F7556}") = "GetTosFunction", "GetTosFunction\GetTosFunction.csproj", "{A653F546-C310-4D71-A4D0-D9E7CBC93AA3}"
EndProject
Project("{9A19103F-16F7-4668-BE54-9A1E7A4F7556}") = "GetPolicyFunction", "GetPolicyFunction\GetPolicyFunction.csproj", "{63E20EC8-221C-48DB-B4EA-644888C3A136}"
EndProject
Project("{9A19103F-16F7-4668-BE54-9A1E7A4F7556}") = "GetDeliveryDate", "GetDeliveryDate\GetDeliveryDate.csproj", "{FBD592B3-F059-4BF1-BBAA-C61C486297B8}"
EndProject
Project("{9A19103F-16F7-4668-BE54-9A1E7A4F7556}") = "nlp_processor", "nlp_processor\nlp_processor.csproj", "{1B17FFA3-274A-4E39-8835-EF55A40E4765}"
EndProject
Project("{9A19103F-16F7-4668-BE54-9A1E7A4F7556}") = "GetInvoice", "GetInvoice\GetInvoice.csproj", "{4D10FA21-858E-4982-BD28-38914CA939AF}"
EndProject
Global
	GlobalSection(SolutionConfigurationPlatforms) = preSolution
		Debug|Any CPU = Debug|Any CPU
		Release|Any CPU = Release|Any CPU
	EndGlobalSection
	GlobalSection(ProjectConfigurationPlatforms) = postSolution
		{093CC5AF-76AD-48D3-85D9-3D4C89715205}.Debug|Any CPU.ActiveCfg = Debug|Any CPU
		{093CC5AF-76AD-48D3-85D9-3D4C89715205}.Debug|Any CPU.Build.0 = Debug|Any CPU
		{093CC5AF-76AD-48D3-85D9-3D4C89715205}.Release|Any CPU.ActiveCfg = Release|Any CPU
		{093CC5AF-76AD-48D3-85D9-3D4C89715205}.Release|Any CPU.Build.0 = Release|Any CPU
		{A653F546-C310-4D71-A4D0-D9E7CBC93AA3}.Debug|Any CPU.ActiveCfg = Debug|Any CPU
		{A653F546-C310-4D71-A4D0-D9E7CBC93AA3}.Debug|Any CPU.Build.0 = Debug|Any CPU
		{A653F546-C310-4D71-A4D0-D9E7CBC93AA3}.Release|Any CPU.ActiveCfg = Release|Any CPU
		{A653F546-C310-4D71-A4D0-D9E7CBC93AA3}.Release|Any CPU.Build.0 = Release|Any CPU
		{63E20EC8-221C-48DB-B4EA-644888C3A136}.Debug|Any CPU.ActiveCfg = Debug|Any CPU
		{63E20EC8-221C-48DB-B4EA-644888C3A136}.Debug|Any CPU.Build.0 = Debug|Any CPU
		{63E20EC8-221C-48DB-B4EA-644888C3A136}.Release|Any CPU.ActiveCfg = Release|Any CPU
		{63E20EC8-221C-48DB-B4EA-644888C3A136}.Release|Any CPU.Build.0 = Release|Any CPU
		{FBD592B3-F059-4BF1-BBAA-C61C486297B8}.Debug|Any CPU.ActiveCfg = Debug|Any CPU
		{FBD592B3-F059-4BF1-BBAA-C61C486297B8}.Debug|Any CPU.Build.0 = Debug|Any CPU
		{FBD592B3-F059-4BF1-BBAA-C61C486297B8}.Release|Any CPU.ActiveCfg = Release|Any CPU
		{FBD592B3-F059-4BF1-BBAA-C61C486297B8}.Release|Any CPU.Build.0 = Release|Any CPU
		{1B17FFA3-274A-4E39-8835-EF55A40E4765}.Debug|Any CPU.ActiveCfg = Debug|Any CPU
		{1B17FFA3-274A-4E39-8835-EF55A40E4765}.Debug|Any CPU.Build.0 = Debug|Any CPU
		{1B17FFA3-274A-4E39-8835-EF55A40E4765}.Release|Any CPU.ActiveCfg = Release|Any CPU
		{1B17FFA3-274A-4E39-8835-EF55A40E4765}.Release|Any CPU.Build.0 = Release|Any CPU
		{4D10FA21-858E-4982-BD28-38914CA939AF}.Debug|Any CPU.ActiveCfg = Debug|Any CPU
		{4D10FA21-858E-4982-BD28-38914CA939AF}.Debug|Any CPU.Build.0 = Debug|Any CPU
		{4D10FA21-858E-4982-BD28-38914CA939AF}.Release|Any CPU.ActiveCfg = Release|Any CPU
		{4D10FA21-858E-4982-BD28-38914CA939AF}.Release|Any CPU.Build.0 = Release|Any CPU
	EndGlobalSection
	GlobalSection(SolutionProperties) = preSolution
		HideSolutionNode = FALSE
	EndGlobalSection
	GlobalSection(ExtensibilityGlobals) = postSolution
		SolutionGuid = {29EAF612-FE82-4049-A3E9-8B8E67B7A49A}
	EndGlobalSection
EndGlobal
